
Microsoft Visual Studio Solution File, Format Version 12.00
Project("{FAE04EC0-301F-11D3-BF4B-00C04F79EFBC}") = "GenesysRoller", "GenesysRoller.csproj", "{F3317D51-8BD1-424C-B319-13F1C861B813}"
EndProject
Global
	GlobalSection(SolutionConfigurationPlatforms) = preSolution
		Debug|Any CPU = Debug|Any CPU
		Release|Any CPU = Release|Any CPU
	EndGlobalSection
	GlobalSection(ProjectConfigurationPlatforms) = postSolution
		{F3317D51-8BD1-424C-B319-13F1C861B813}.Debug|Any CPU.ActiveCfg = Debug|Any CPU
		{F3317D51-8BD1-424C-B319-13F1C861B813}.Debug|Any CPU.Build.0 = Debug|Any CPU
		{F3317D51-8BD1-424C-B319-13F1C861B813}.Release|Any CPU.ActiveCfg = Release|Any CPU
		{F3317D51-8BD1-424C-B319-13F1C861B813}.Release|Any CPU.Build.0 = Release|Any CPU
	EndGlobalSection
EndGlobal
